
Microsoft Visual Studio Solution File, Format Version 12.00
# Visual Studio Version 18
VisualStudioVersion = 18.0.11222.15 d18.0
MinimumVisualStudioVersion = 10.0.40219.1
Project("{FAE04EC0-301F-11D3-BF4B-00C04F79EFBC}") = "CourierAssignment", "CourierAssignment\CourierAssignment.csproj", "{05CA23FE-9689-4EC6-9A26-3C1D21420D74}"
EndProject
Global
	GlobalSection(SolutionConfigurationPlatforms) = preSolution
		Debug|Any CPU = Debug|Any CPU
		Release|Any CPU = Release|Any CPU
	EndGlobalSection
	GlobalSection(ProjectConfigurationPlatforms) = postSolution
		{05CA23FE-9689-4EC6-9A26-3C1D21420D74}.Debug|Any CPU.ActiveCfg = Debug|Any CPU
		{05CA23FE-9689-4EC6-9A26-3C1D21420D74}.Debug|Any CPU.Build.0 = Debug|Any CPU
		{05CA23FE-9689-4EC6-9A26-3C1D21420D74}.Release|Any CPU.ActiveCfg = Release|Any CPU
		{05CA23FE-9689-4EC6-9A26-3C1D21420D74}.Release|Any CPU.Build.0 = Release|Any CPU
	EndGlobalSection
	GlobalSection(SolutionProperties) = preSolution
		HideSolutionNode = FALSE
	EndGlobalSection
	GlobalSection(ExtensibilityGlobals) = postSolution
		SolutionGuid = {37A5BEF5-B009-4383-9ACF-C9D357D2A02B}
	EndGlobalSection
EndGlobal
